
Microsoft Visual Studio Solution File, Format Version 12.00
Project("{FAE04EC0-301F-11D3-BF4B-00C04F79EFBC}") = "MyFirstWebServer", "MyFirstWebServer\MyFirstWebServer.csproj", "{3520DBD4-860B-461A-A417-8C4B94D8581B}"
EndProject
Global
	GlobalSection(SolutionConfigurationPlatforms) = preSolution
		Debug|Any CPU = Debug|Any CPU
		Release|Any CPU = Release|Any CPU
	EndGlobalSection
	GlobalSection(ProjectConfigurationPlatforms) = postSolution
		{3520DBD4-860B-461A-A417-8C4B94D8581B}.Debug|Any CPU.ActiveCfg = Debug|Any CPU
		{3520DBD4-860B-461A-A417-8C4B94D8581B}.Debug|Any CPU.Build.0 = Debug|Any CPU
		{3520DBD4-860B-461A-A417-8C4B94D8581B}.Release|Any CPU.ActiveCfg = Release|Any CPU
		{3520DBD4-860B-461A-A417-8C4B94D8581B}.Release|Any CPU.Build.0 = Release|Any CPU
	EndGlobalSection
EndGlobal
